// !$*UTF8*$!
{
	archiveVersion = 1;
	classes = {
	};
	objectVersion = 50;
	objects = {

/* Begin PBXFileReference section */
		DFD02D7E22B5B32B0069F00F /* config.plist */ = {isa = PBXFileReference; lastKnownFileType = text.plist.xml; path = config.plist; sourceTree = "<group>"; };
		DFD02D7F22B5B32B0069F00F /* Audio */ = {isa = PBXFileReference; lastKnownFileType = folder; path = Audio; sourceTree = "<group>"; };
		DFD02D8022B5B32B0069F00F /* hotpatch */ = {isa = PBXFileReference; lastKnownFileType = folder; path = hotpatch; sourceTree = "<group>"; };
		DFD02D8122B5B51F0069F00F /* SSDT-T440.aml */ = {isa = PBXFileReference; lastKnownFileType = file; path = "SSDT-T440.aml"; sourceTree = "<group>"; };
/* End PBXFileReference section */

/* Begin PBXGroup section */
		DFD02D7722B5B2ED0069F00F = {
			isa = PBXGroup;
			children = (
				DFD02D8122B5B51F0069F00F /* SSDT-T440.aml */,
				DFD02D7F22B5B32B0069F00F /* Audio */,
				DFD02D7E22B5B32B0069F00F /* config.plist */,
				DFD02D8022B5B32B0069F00F /* hotpatch */,
			);
			sourceTree = "<group>";
		};
/* End PBXGroup section */

/* Begin PBXProject section */
		DFD02D7822B5B2ED0069F00F /* Project object */ = {
			isa = PBXProject;
			attributes = {
				LastUpgradeCheck = 1020;
			};
			buildConfigurationList = DFD02D7B22B5B2ED0069F00F /* Build configuration list for PBXProject "T440" */;
			compatibilityVersion = "Xcode 9.3";
			developmentRegion = en;
			hasScannedForEncodings = 0;
			knownRegions = (
				en,
			);
			mainGroup = DFD02D7722B5B2ED0069F00F;
			projectDirPath = "";
			projectRoot = "";
			targets = (
			);
		};
/* End PBXProject section */

/* Begin XCBuildConfiguration section */
		DFD02D7C22B5B2ED0069F00F /* Debug */ = {
			isa = XCBuildConfiguration;
			buildSettings = {
			};
			name = Debug;
		};
		DFD02D7D22B5B2ED0069F00F /* Release */ = {
			isa = XCBuildConfiguration;
			buildSettings = {
			};
			name = Release;
		};
/* End XCBuildConfiguration section */

/* Begin XCConfigurationList section */
		DFD02D7B22B5B2ED0069F00F /* Build configuration list for PBXProject "T440" */ = {
			isa = XCConfigurationList;
			buildConfigurations = (
				DFD02D7C22B5B2ED0069F00F /* Debug */,
				DFD02D7D22B5B2ED0069F00F /* Release */,
			);
			defaultConfigurationIsVisible = 0;
			defaultConfigurationName = Release;
		};
/* End XCConfigurationList section */
	};
	rootObject = DFD02D7822B5B2ED0069F00F /* Project object */;
}
